PODS:
  - FBSnapshotTestCase (2.1.4):
    - FBSnapshotTestCase/SwiftSupport (= 2.1.4)
  - FBSnapshotTestCase/Core (2.1.4)
  - FBSnapshotTestCase/SwiftSupport (2.1.4):
    - FBSnapshotTestCase/Core
  - GMDataTool (0.1.0):
    - GMSandboxTool
    - MJExtension
  - GMEnvirSwitch (0.1.0):
    - GMDataTool
    - GMmacros
    - GMSandboxTool
    - Masonry
    - MJExtension
  - GMmacros (0.1.0)
  - GMSandboxTool (0.1.0)
  - Masonry (1.1.0)
  - MJExtension (3.0.17)

DEPENDENCIES:
  - FBSnapshotTestCase
  - GMEnvirSwitch (from `../`)

SPEC REPOS:
  https://github.com/cocoapods/specs.git:
    - FBSnapshotTestCase
    - Masonry
    - MJExtension
  https://github.com/ioszhanghui/GMPublicRepo.git:
    - GMDataTool
    - GMmacros
    - GMSandboxTool

EXTERNAL SOURCES:
  GMEnvirSwitch:
    :path: "../"

SPEC CHECKSUMS:
  FBSnapshotTestCase: 094f9f314decbabe373b87cc339bea235a63e07a
  GMDataTool: 59eee4429083c1babcd443dd16ca9499b4f9b0c5
  GMEnvirSwitch: 1fdbd3c243f5cb3016931fe360929e826b614e9f
  GMmacros: 2f5feff28e116006525dc58ccb393b77e4921e6d
  GMSandboxTool: 22079f31fe09c23b9bd66c0cf2e3f03ed5db1e28
  Masonry: 678fab65091a9290e40e2832a55e7ab731aad201
  MJExtension: 74ec83124a68891619fb7ba9c5c811bbf1691076

PODFILE CHECKSUM: ee4c07491abff6d62627ac1412dd9d38eafe1b24

COCOAPODS: 1.5.3
