PODS:
  - FBSnapshotTestCase (2.1.4):
    - FBSnapshotTestCase/SwiftSupport (= 2.1.4)
  - FBSnapshotTestCase/Core (2.1.4)
  - FBSnapshotTestCase/SwiftSupport (2.1.4):
    - FBSnapshotTestCase/Core
  - GMDataTool (0.1.0):
    - GMSandboxTool
    - MJExtension
  - GMEnvirSwitch (0.1.0):
    - GMDataTool
    - GMmacros
    - GMSandboxTool
    - Masonry
    - MJExtension
  - GMmacros (0.2.0)
  - GMSandboxTool (0.1.0)
  - Masonry (1.1.0)
  - MJExtension (3.0.17)

DEPENDENCIES:
  - FBSnapshotTestCase
  - GMEnvirSwitch (from `../`)

SPEC REPOS:
  http://code.ds.gome.com.cn/gitlab/zhanghui-ds5/PrivateRepo.git:
    - GMmacros
  https://github.com/cocoapods/specs.git:
    - FBSnapshotTestCase
    - Masonry
    - MJExtension
  https://github.com/ioszhanghui/GMPublicRepo.git:
    - GMDataTool
    - GMSandboxTool

EXTERNAL SOURCES:
  GMEnvirSwitch:
    :path: "../"

SPEC CHECKSUMS:
  FBSnapshotTestCase: 094f9f314decbabe373b87cc339bea235a63e07a
  GMDataTool: 59eee4429083c1babcd443dd16ca9499b4f9b0c5
  GMEnvirSwitch: cdc76181ef5730c55fc47d52a76144f12eab1916
  GMmacros: 96f90d11cbeae605728ea7f99ef511e77537909a
  GMSandboxTool: 22079f31fe09c23b9bd66c0cf2e3f03ed5db1e28
  Masonry: 678fab65091a9290e40e2832a55e7ab731aad201
  MJExtension: 74ec83124a68891619fb7ba9c5c811bbf1691076

PODFILE CHECKSUM: 8f1d105785503938ff9d9a273368b38950b1a351

COCOAPODS: 1.5.3
